
Microsoft Visual Studio Solution File, Format Version 12.00
# Visual Studio Version 17
VisualStudioVersion = 17.8.34525.116
MinimumVisualStudioVersion = 10.0.40219.1
Project("{2150E333-8FDC-42A3-9474-1A3956D46DE8}") = "Services", "Services", "{43ED4F6E-0201-4980-98E7-0063DD1EEB04}"
EndProject
Project("{2150E333-8FDC-42A3-9474-1A3956D46DE8}") = "Catalog", "Catalog", "{76212618-FFB1-4169-909A-5FE71F4FAE51}"
EndProject
Project("{FAE04EC0-301F-11D3-BF4B-00C04F79EFBC}") = "E-Commerce.Catalog", "Services\Catalog\E-Commerce.Catalog\E-Commerce.Catalog.csproj", "{BAD357B2-BAC4-43EB-A0FD-47D850FBFBCF}"
EndProject
Project("{2150E333-8FDC-42A3-9474-1A3956D46DE8}") = "Discount", "Discount", "{98C4A12F-8194-4DC6-A04F-E56CB7AADBA5}"
EndProject
Project("{FAE04EC0-301F-11D3-BF4B-00C04F79EFBC}") = "E-Commerce.Discount", "Services\Discount\E-Commerce.Discount\E-Commerce.Discount.csproj", "{9550902C-78C4-47F0-93A0-7EC5A4CEAD6B}"
EndProject
Project("{2150E333-8FDC-42A3-9474-1A3956D46DE8}") = "Order", "Order", "{9A140E6F-B5AC-4ACA-B5F6-D5DAA071ED56}"
EndProject
Project("{2150E333-8FDC-42A3-9474-1A3956D46DE8}") = "Core", "Core", "{9C17BCF9-264A-4CB6-B90B-AF59E435525F}"
EndProject
Project("{2150E333-8FDC-42A3-9474-1A3956D46DE8}") = "Infrastructure", "Infrastructure", "{555167BD-B115-4F2C-B832-72D198B18C60}"
EndProject
Project("{2150E333-8FDC-42A3-9474-1A3956D46DE8}") = "Presentation", "Presentation", "{535691B8-1E14-43BC-8059-AA77F797782E}"
EndProject
Project("{FAE04EC0-301F-11D3-BF4B-00C04F79EFBC}") = "E-Commerce.Order.Domain", "Services\Order\Core\E-Commerce.Order.Domain\E-Commerce.Order.Domain.csproj", "{4C9345D8-7DAD-46A9-8765-2764F2F1BECA}"
EndProject
Project("{FAE04EC0-301F-11D3-BF4B-00C04F79EFBC}") = "E-Commerce.Order.Application", "Services\Order\Core\E-Commerce.Order.Application\E-Commerce.Order.Application.csproj", "{9897738A-CC29-41E0-A571-3FF6FC74AB59}"
EndProject
Project("{FAE04EC0-301F-11D3-BF4B-00C04F79EFBC}") = "E-Commerce.Order.Infrastructure", "Services\Order\Infrastructure\E-Commerce.Infrastructure.Persistence\E-Commerce.Order.Infrastructure.csproj", "{BCC7DC62-BE7D-4334-838F-09456087AA42}"
EndProject
Project("{FAE04EC0-301F-11D3-BF4B-00C04F79EFBC}") = "E-Commerce.Order.Persistence", "Services\Order\Infrastructure\E-Commerce.Order.Persistence\E-Commerce.Order.Persistence.csproj", "{4C6CC226-AD1F-4EAB-9859-0C2C00983672}"
EndProject
Project("{FAE04EC0-301F-11D3-BF4B-00C04F79EFBC}") = "E-Commerce.Order.API", "Services\Order\Presentation\E-Commerce.Order.API\E-Commerce.Order.API.csproj", "{AEF5675C-1E90-48AA-A3F7-66EDBC6EA1BD}"
EndProject
Global
	GlobalSection(SolutionConfigurationPlatforms) = preSolution
		Debug|Any CPU = Debug|Any CPU
		Release|Any CPU = Release|Any CPU
	EndGlobalSection
	GlobalSection(ProjectConfigurationPlatforms) = postSolution
		{BAD357B2-BAC4-43EB-A0FD-47D850FBFBCF}.Debug|Any CPU.ActiveCfg = Debug|Any CPU
		{BAD357B2-BAC4-43EB-A0FD-47D850FBFBCF}.Debug|Any CPU.Build.0 = Debug|Any CPU
		{BAD357B2-BAC4-43EB-A0FD-47D850FBFBCF}.Release|Any CPU.ActiveCfg = Release|Any CPU
		{BAD357B2-BAC4-43EB-A0FD-47D850FBFBCF}.Release|Any CPU.Build.0 = Release|Any CPU
		{9550902C-78C4-47F0-93A0-7EC5A4CEAD6B}.Debug|Any CPU.ActiveCfg = Debug|Any CPU
		{9550902C-78C4-47F0-93A0-7EC5A4CEAD6B}.Debug|Any CPU.Build.0 = Debug|Any CPU
		{9550902C-78C4-47F0-93A0-7EC5A4CEAD6B}.Release|Any CPU.ActiveCfg = Release|Any CPU
		{9550902C-78C4-47F0-93A0-7EC5A4CEAD6B}.Release|Any CPU.Build.0 = Release|Any CPU
		{4C9345D8-7DAD-46A9-8765-2764F2F1BECA}.Debug|Any CPU.ActiveCfg = Debug|Any CPU
		{4C9345D8-7DAD-46A9-8765-2764F2F1BECA}.Debug|Any CPU.Build.0 = Debug|Any CPU
		{4C9345D8-7DAD-46A9-8765-2764F2F1BECA}.Release|Any CPU.ActiveCfg = Release|Any CPU
		{4C9345D8-7DAD-46A9-8765-2764F2F1BECA}.Release|Any CPU.Build.0 = Release|Any CPU
		{9897738A-CC29-41E0-A571-3FF6FC74AB59}.Debug|Any CPU.ActiveCfg = Debug|Any CPU
		{9897738A-CC29-41E0-A571-3FF6FC74AB59}.Debug|Any CPU.Build.0 = Debug|Any CPU
		{9897738A-CC29-41E0-A571-3FF6FC74AB59}.Release|Any CPU.ActiveCfg = Release|Any CPU
		{9897738A-CC29-41E0-A571-3FF6FC74AB59}.Release|Any CPU.Build.0 = Release|Any CPU
		{BCC7DC62-BE7D-4334-838F-09456087AA42}.Debug|Any CPU.ActiveCfg = Debug|Any CPU
		{BCC7DC62-BE7D-4334-838F-09456087AA42}.Debug|Any CPU.Build.0 = Debug|Any CPU
		{BCC7DC62-BE7D-4334-838F-09456087AA42}.Release|Any CPU.ActiveCfg = Release|Any CPU
		{BCC7DC62-BE7D-4334-838F-09456087AA42}.Release|Any CPU.Build.0 = Release|Any CPU
		{4C6CC226-AD1F-4EAB-9859-0C2C00983672}.Debug|Any CPU.ActiveCfg = Debug|Any CPU
		{4C6CC226-AD1F-4EAB-9859-0C2C00983672}.Debug|Any CPU.Build.0 = Debug|Any CPU
		{4C6CC226-AD1F-4EAB-9859-0C2C00983672}.Release|Any CPU.ActiveCfg = Release|Any CPU
		{4C6CC226-AD1F-4EAB-9859-0C2C00983672}.Release|Any CPU.Build.0 = Release|Any CPU
		{AEF5675C-1E90-48AA-A3F7-66EDBC6EA1BD}.Debug|Any CPU.ActiveCfg = Debug|Any CPU
		{AEF5675C-1E90-48AA-A3F7-66EDBC6EA1BD}.Debug|Any CPU.Build.0 = Debug|Any CPU
		{AEF5675C-1E90-48AA-A3F7-66EDBC6EA1BD}.Release|Any CPU.ActiveCfg = Release|Any CPU
		{AEF5675C-1E90-48AA-A3F7-66EDBC6EA1BD}.Release|Any CPU.Build.0 = Release|Any CPU
	EndGlobalSection
	GlobalSection(SolutionProperties) = preSolution
		HideSolutionNode = FALSE
	EndGlobalSection
	GlobalSection(NestedProjects) = preSolution
		{76212618-FFB1-4169-909A-5FE71F4FAE51} = {43ED4F6E-0201-4980-98E7-0063DD1EEB04}
		{BAD357B2-BAC4-43EB-A0FD-47D850FBFBCF} = {76212618-FFB1-4169-909A-5FE71F4FAE51}
		{98C4A12F-8194-4DC6-A04F-E56CB7AADBA5} = {43ED4F6E-0201-4980-98E7-0063DD1EEB04}
		{9550902C-78C4-47F0-93A0-7EC5A4CEAD6B} = {98C4A12F-8194-4DC6-A04F-E56CB7AADBA5}
		{9A140E6F-B5AC-4ACA-B5F6-D5DAA071ED56} = {43ED4F6E-0201-4980-98E7-0063DD1EEB04}
		{9C17BCF9-264A-4CB6-B90B-AF59E435525F} = {9A140E6F-B5AC-4ACA-B5F6-D5DAA071ED56}
		{555167BD-B115-4F2C-B832-72D198B18C60} = {9A140E6F-B5AC-4ACA-B5F6-D5DAA071ED56}
		{535691B8-1E14-43BC-8059-AA77F797782E} = {9A140E6F-B5AC-4ACA-B5F6-D5DAA071ED56}
		{4C9345D8-7DAD-46A9-8765-2764F2F1BECA} = {9C17BCF9-264A-4CB6-B90B-AF59E435525F}
		{9897738A-CC29-41E0-A571-3FF6FC74AB59} = {9C17BCF9-264A-4CB6-B90B-AF59E435525F}
		{BCC7DC62-BE7D-4334-838F-09456087AA42} = {555167BD-B115-4F2C-B832-72D198B18C60}
		{4C6CC226-AD1F-4EAB-9859-0C2C00983672} = {555167BD-B115-4F2C-B832-72D198B18C60}
		{AEF5675C-1E90-48AA-A3F7-66EDBC6EA1BD} = {535691B8-1E14-43BC-8059-AA77F797782E}
	EndGlobalSection
	GlobalSection(ExtensibilityGlobals) = postSolution
		SolutionGuid = {9C0D2BEB-583A-404A-B369-61F1F8FEAE07}
	EndGlobalSection
EndGlobal
