
Microsoft Visual Studio Solution File, Format Version 12.00
# Visual Studio Version 17
VisualStudioVersion = 17.8.34525.116
MinimumVisualStudioVersion = 10.0.40219.1
Project("{2150E333-8FDC-42A3-9474-1A3956D46DE8}") = "Services", "Services", "{43ED4F6E-0201-4980-98E7-0063DD1EEB04}"
EndProject
Project("{2150E333-8FDC-42A3-9474-1A3956D46DE8}") = "Catalog", "Catalog", "{76212618-FFB1-4169-909A-5FE71F4FAE51}"
EndProject
Project("{9A19103F-16F7-4668-BE54-9A1E7A4F7556}") = "E-Commerce.Catalog", "Services\Catalog\E-Commerce.Catalog\E-Commerce.Catalog.csproj", "{BAD357B2-BAC4-43EB-A0FD-47D850FBFBCF}"
EndProject
Project("{2150E333-8FDC-42A3-9474-1A3956D46DE8}") = "Discount", "Discount", "{98C4A12F-8194-4DC6-A04F-E56CB7AADBA5}"
EndProject
Project("{9A19103F-16F7-4668-BE54-9A1E7A4F7556}") = "E-Commerce.Discount", "Services\Discount\E-Commerce.Discount\E-Commerce.Discount.csproj", "{9550902C-78C4-47F0-93A0-7EC5A4CEAD6B}"
EndProject
Project("{2150E333-8FDC-42A3-9474-1A3956D46DE8}") = "Order", "Order", "{9A140E6F-B5AC-4ACA-B5F6-D5DAA071ED56}"
EndProject
Project("{2150E333-8FDC-42A3-9474-1A3956D46DE8}") = "Core", "Core", "{9C17BCF9-264A-4CB6-B90B-AF59E435525F}"
EndProject
Project("{2150E333-8FDC-42A3-9474-1A3956D46DE8}") = "Infrastructure", "Infrastructure", "{555167BD-B115-4F2C-B832-72D198B18C60}"
EndProject
Project("{2150E333-8FDC-42A3-9474-1A3956D46DE8}") = "Presentation", "Presentation", "{535691B8-1E14-43BC-8059-AA77F797782E}"
EndProject
Project("{9A19103F-16F7-4668-BE54-9A1E7A4F7556}") = "E-Commerce.Order.Domain", "Services\Order\Core\E-Commerce.Order.Domain\E-Commerce.Order.Domain.csproj", "{4C9345D8-7DAD-46A9-8765-2764F2F1BECA}"
EndProject
Project("{9A19103F-16F7-4668-BE54-9A1E7A4F7556}") = "E-Commerce.Order.Application", "Services\Order\Core\E-Commerce.Order.Application\E-Commerce.Order.Application.csproj", "{9897738A-CC29-41E0-A571-3FF6FC74AB59}"
EndProject
Project("{9A19103F-16F7-4668-BE54-9A1E7A4F7556}") = "E-Commerce.Order.Infrastructure", "Services\Order\Infrastructure\E-Commerce.Infrastructure.Persistence\E-Commerce.Order.Infrastructure.csproj", "{BCC7DC62-BE7D-4334-838F-09456087AA42}"
EndProject
Project("{9A19103F-16F7-4668-BE54-9A1E7A4F7556}") = "E-Commerce.Order.Persistence", "Services\Order\Infrastructure\E-Commerce.Order.Persistence\E-Commerce.Order.Persistence.csproj", "{4C6CC226-AD1F-4EAB-9859-0C2C00983672}"
EndProject
Project("{2150E333-8FDC-42A3-9474-1A3956D46DE8}") = "IdentityServer", "IdentityServer", "{A319AB54-A57B-4AFE-BE38-89AF90010216}"
EndProject
Project("{9A19103F-16F7-4668-BE54-9A1E7A4F7556}") = "E-Commerce.IdentityServer", "IdentityServer\E-Commerce.IdentityServer\E-Commerce.IdentityServer.csproj", "{A5238B72-A254-4940-A3F6-000A58FCC2A1}"
EndProject
Project("{9A19103F-16F7-4668-BE54-9A1E7A4F7556}") = "E-Commerce.Order.API", "Services\Order\Presentation\E-Commerce.Order.API\E-Commerce.Order.API.csproj", "{8878D2A9-0258-4A34-91FC-8ED41E8421DF}"
EndProject
Project("{2150E333-8FDC-42A3-9474-1A3956D46DE8}") = "Cargo", "Cargo", "{CC7368D3-C705-429C-80F3-99B6106947E2}"
EndProject
Project("{9A19103F-16F7-4668-BE54-9A1E7A4F7556}") = "E-Commerce.Cargo.Business", "Services\Cargo\E-Commerce.Cargo.Business\E-Commerce.Cargo.Business.csproj", "{D871471A-1796-4C7E-AD07-21E5A4DF23B5}"
EndProject
Project("{9A19103F-16F7-4668-BE54-9A1E7A4F7556}") = "E-Commerce.Cargo.Entity", "Services\Cargo\E-Commerce.Cargo.Entity\E-Commerce.Cargo.Entity.csproj", "{58FFF806-5FCB-442B-AC11-777D8BE06662}"
EndProject
Project("{9A19103F-16F7-4668-BE54-9A1E7A4F7556}") = "E-Commerce.Cargo.DataAccess", "Services\Cargo\E-Commerce.Cargo.DataAccess\E-Commerce.Cargo.DataAccess.csproj", "{907B10C6-4F7C-46D9-BDF2-82A3DDDFCACD}"
EndProject
Project("{9A19103F-16F7-4668-BE54-9A1E7A4F7556}") = "E-Commerce.Cargo.Dto", "Services\Cargo\E-Commerce.Cargo.Dto\E-Commerce.Cargo.Dto.csproj", "{2D54CA71-A7A6-4F5C-B581-6E134E161CA2}"
EndProject
Project("{9A19103F-16F7-4668-BE54-9A1E7A4F7556}") = "E-Commerce.Cargo.API", "Services\Cargo\E-Commerce.Cargo.API\E-Commerce.Cargo.API.csproj", "{33AA4EAD-6545-475E-97D3-9527AF7DC4B4}"
EndProject
Project("{2150E333-8FDC-42A3-9474-1A3956D46DE8}") = "Basket", "Basket", "{CC72713B-A0C0-4F67-BF85-2A0C8854BCB1}"
EndProject
Project("{9A19103F-16F7-4668-BE54-9A1E7A4F7556}") = "E-Commerce.Basket", "Services\Basket\E-Commerce.Basket\E-Commerce.Basket.csproj", "{372150A3-6A46-44B0-9ABC-FA46C8CDE29E}"
EndProject
Project("{2150E333-8FDC-42A3-9474-1A3956D46DE8}") = "FrontEnds", "FrontEnds", "{2973AAE8-4D87-4EE4-AA12-8376B4BA9366}"
EndProject
Project("{FAE04EC0-301F-11D3-BF4B-00C04F79EFBC}") = "E-Commerce.WebUI", "FrontEnds\E-Commerce.WebUI\E-Commerce.WebUI.csproj", "{0D41E011-E0F8-4825-BE60-2EC706695BBC}"
EndProject
Global
	GlobalSection(SolutionConfigurationPlatforms) = preSolution
		Debug|Any CPU = Debug|Any CPU
		Release|Any CPU = Release|Any CPU
	EndGlobalSection
	GlobalSection(ProjectConfigurationPlatforms) = postSolution
		{BAD357B2-BAC4-43EB-A0FD-47D850FBFBCF}.Debug|Any CPU.ActiveCfg = Debug|Any CPU
		{BAD357B2-BAC4-43EB-A0FD-47D850FBFBCF}.Debug|Any CPU.Build.0 = Debug|Any CPU
		{BAD357B2-BAC4-43EB-A0FD-47D850FBFBCF}.Release|Any CPU.ActiveCfg = Release|Any CPU
		{BAD357B2-BAC4-43EB-A0FD-47D850FBFBCF}.Release|Any CPU.Build.0 = Release|Any CPU
		{9550902C-78C4-47F0-93A0-7EC5A4CEAD6B}.Debug|Any CPU.ActiveCfg = Debug|Any CPU
		{9550902C-78C4-47F0-93A0-7EC5A4CEAD6B}.Debug|Any CPU.Build.0 = Debug|Any CPU
		{9550902C-78C4-47F0-93A0-7EC5A4CEAD6B}.Release|Any CPU.ActiveCfg = Release|Any CPU
		{9550902C-78C4-47F0-93A0-7EC5A4CEAD6B}.Release|Any CPU.Build.0 = Release|Any CPU
		{4C9345D8-7DAD-46A9-8765-2764F2F1BECA}.Debug|Any CPU.ActiveCfg = Debug|Any CPU
		{4C9345D8-7DAD-46A9-8765-2764F2F1BECA}.Debug|Any CPU.Build.0 = Debug|Any CPU
		{4C9345D8-7DAD-46A9-8765-2764F2F1BECA}.Release|Any CPU.ActiveCfg = Release|Any CPU
		{4C9345D8-7DAD-46A9-8765-2764F2F1BECA}.Release|Any CPU.Build.0 = Release|Any CPU
		{9897738A-CC29-41E0-A571-3FF6FC74AB59}.Debug|Any CPU.ActiveCfg = Debug|Any CPU
		{9897738A-CC29-41E0-A571-3FF6FC74AB59}.Debug|Any CPU.Build.0 = Debug|Any CPU
		{9897738A-CC29-41E0-A571-3FF6FC74AB59}.Release|Any CPU.ActiveCfg = Release|Any CPU
		{9897738A-CC29-41E0-A571-3FF6FC74AB59}.Release|Any CPU.Build.0 = Release|Any CPU
		{BCC7DC62-BE7D-4334-838F-09456087AA42}.Debug|Any CPU.ActiveCfg = Debug|Any CPU
		{BCC7DC62-BE7D-4334-838F-09456087AA42}.Debug|Any CPU.Build.0 = Debug|Any CPU
		{BCC7DC62-BE7D-4334-838F-09456087AA42}.Release|Any CPU.ActiveCfg = Release|Any CPU
		{BCC7DC62-BE7D-4334-838F-09456087AA42}.Release|Any CPU.Build.0 = Release|Any CPU
		{4C6CC226-AD1F-4EAB-9859-0C2C00983672}.Debug|Any CPU.ActiveCfg = Debug|Any CPU
		{4C6CC226-AD1F-4EAB-9859-0C2C00983672}.Debug|Any CPU.Build.0 = Debug|Any CPU
		{4C6CC226-AD1F-4EAB-9859-0C2C00983672}.Release|Any CPU.ActiveCfg = Release|Any CPU
		{4C6CC226-AD1F-4EAB-9859-0C2C00983672}.Release|Any CPU.Build.0 = Release|Any CPU
		{A5238B72-A254-4940-A3F6-000A58FCC2A1}.Debug|Any CPU.ActiveCfg = Debug|Any CPU
		{A5238B72-A254-4940-A3F6-000A58FCC2A1}.Debug|Any CPU.Build.0 = Debug|Any CPU
		{A5238B72-A254-4940-A3F6-000A58FCC2A1}.Release|Any CPU.ActiveCfg = Release|Any CPU
		{A5238B72-A254-4940-A3F6-000A58FCC2A1}.Release|Any CPU.Build.0 = Release|Any CPU
		{8878D2A9-0258-4A34-91FC-8ED41E8421DF}.Debug|Any CPU.ActiveCfg = Debug|Any CPU
		{8878D2A9-0258-4A34-91FC-8ED41E8421DF}.Debug|Any CPU.Build.0 = Debug|Any CPU
		{8878D2A9-0258-4A34-91FC-8ED41E8421DF}.Release|Any CPU.ActiveCfg = Release|Any CPU
		{8878D2A9-0258-4A34-91FC-8ED41E8421DF}.Release|Any CPU.Build.0 = Release|Any CPU
		{D871471A-1796-4C7E-AD07-21E5A4DF23B5}.Debug|Any CPU.ActiveCfg = Debug|Any CPU
		{D871471A-1796-4C7E-AD07-21E5A4DF23B5}.Debug|Any CPU.Build.0 = Debug|Any CPU
		{D871471A-1796-4C7E-AD07-21E5A4DF23B5}.Release|Any CPU.ActiveCfg = Release|Any CPU
		{D871471A-1796-4C7E-AD07-21E5A4DF23B5}.Release|Any CPU.Build.0 = Release|Any CPU
		{58FFF806-5FCB-442B-AC11-777D8BE06662}.Debug|Any CPU.ActiveCfg = Debug|Any CPU
		{58FFF806-5FCB-442B-AC11-777D8BE06662}.Debug|Any CPU.Build.0 = Debug|Any CPU
		{58FFF806-5FCB-442B-AC11-777D8BE06662}.Release|Any CPU.ActiveCfg = Release|Any CPU
		{58FFF806-5FCB-442B-AC11-777D8BE06662}.Release|Any CPU.Build.0 = Release|Any CPU
		{907B10C6-4F7C-46D9-BDF2-82A3DDDFCACD}.Debug|Any CPU.ActiveCfg = Debug|Any CPU
		{907B10C6-4F7C-46D9-BDF2-82A3DDDFCACD}.Debug|Any CPU.Build.0 = Debug|Any CPU
		{907B10C6-4F7C-46D9-BDF2-82A3DDDFCACD}.Release|Any CPU.ActiveCfg = Release|Any CPU
		{907B10C6-4F7C-46D9-BDF2-82A3DDDFCACD}.Release|Any CPU.Build.0 = Release|Any CPU
		{2D54CA71-A7A6-4F5C-B581-6E134E161CA2}.Debug|Any CPU.ActiveCfg = Debug|Any CPU
		{2D54CA71-A7A6-4F5C-B581-6E134E161CA2}.Debug|Any CPU.Build.0 = Debug|Any CPU
		{2D54CA71-A7A6-4F5C-B581-6E134E161CA2}.Release|Any CPU.ActiveCfg = Release|Any CPU
		{2D54CA71-A7A6-4F5C-B581-6E134E161CA2}.Release|Any CPU.Build.0 = Release|Any CPU
		{33AA4EAD-6545-475E-97D3-9527AF7DC4B4}.Debug|Any CPU.ActiveCfg = Debug|Any CPU
		{33AA4EAD-6545-475E-97D3-9527AF7DC4B4}.Debug|Any CPU.Build.0 = Debug|Any CPU
		{33AA4EAD-6545-475E-97D3-9527AF7DC4B4}.Release|Any CPU.ActiveCfg = Release|Any CPU
		{33AA4EAD-6545-475E-97D3-9527AF7DC4B4}.Release|Any CPU.Build.0 = Release|Any CPU
		{372150A3-6A46-44B0-9ABC-FA46C8CDE29E}.Debug|Any CPU.ActiveCfg = Debug|Any CPU
		{372150A3-6A46-44B0-9ABC-FA46C8CDE29E}.Debug|Any CPU.Build.0 = Debug|Any CPU
		{372150A3-6A46-44B0-9ABC-FA46C8CDE29E}.Release|Any CPU.ActiveCfg = Release|Any CPU
		{372150A3-6A46-44B0-9ABC-FA46C8CDE29E}.Release|Any CPU.Build.0 = Release|Any CPU
		{0D41E011-E0F8-4825-BE60-2EC706695BBC}.Debug|Any CPU.ActiveCfg = Debug|Any CPU
		{0D41E011-E0F8-4825-BE60-2EC706695BBC}.Debug|Any CPU.Build.0 = Debug|Any CPU
		{0D41E011-E0F8-4825-BE60-2EC706695BBC}.Release|Any CPU.ActiveCfg = Release|Any CPU
		{0D41E011-E0F8-4825-BE60-2EC706695BBC}.Release|Any CPU.Build.0 = Release|Any CPU
	EndGlobalSection
	GlobalSection(SolutionProperties) = preSolution
		HideSolutionNode = FALSE
	EndGlobalSection
	GlobalSection(NestedProjects) = preSolution
		{76212618-FFB1-4169-909A-5FE71F4FAE51} = {43ED4F6E-0201-4980-98E7-0063DD1EEB04}
		{BAD357B2-BAC4-43EB-A0FD-47D850FBFBCF} = {76212618-FFB1-4169-909A-5FE71F4FAE51}
		{98C4A12F-8194-4DC6-A04F-E56CB7AADBA5} = {43ED4F6E-0201-4980-98E7-0063DD1EEB04}
		{9550902C-78C4-47F0-93A0-7EC5A4CEAD6B} = {98C4A12F-8194-4DC6-A04F-E56CB7AADBA5}
		{9A140E6F-B5AC-4ACA-B5F6-D5DAA071ED56} = {43ED4F6E-0201-4980-98E7-0063DD1EEB04}
		{9C17BCF9-264A-4CB6-B90B-AF59E435525F} = {9A140E6F-B5AC-4ACA-B5F6-D5DAA071ED56}
		{555167BD-B115-4F2C-B832-72D198B18C60} = {9A140E6F-B5AC-4ACA-B5F6-D5DAA071ED56}
		{535691B8-1E14-43BC-8059-AA77F797782E} = {9A140E6F-B5AC-4ACA-B5F6-D5DAA071ED56}
		{4C9345D8-7DAD-46A9-8765-2764F2F1BECA} = {9C17BCF9-264A-4CB6-B90B-AF59E435525F}
		{9897738A-CC29-41E0-A571-3FF6FC74AB59} = {9C17BCF9-264A-4CB6-B90B-AF59E435525F}
		{BCC7DC62-BE7D-4334-838F-09456087AA42} = {555167BD-B115-4F2C-B832-72D198B18C60}
		{4C6CC226-AD1F-4EAB-9859-0C2C00983672} = {555167BD-B115-4F2C-B832-72D198B18C60}
		{A5238B72-A254-4940-A3F6-000A58FCC2A1} = {A319AB54-A57B-4AFE-BE38-89AF90010216}
		{8878D2A9-0258-4A34-91FC-8ED41E8421DF} = {535691B8-1E14-43BC-8059-AA77F797782E}
		{CC7368D3-C705-429C-80F3-99B6106947E2} = {43ED4F6E-0201-4980-98E7-0063DD1EEB04}
		{D871471A-1796-4C7E-AD07-21E5A4DF23B5} = {CC7368D3-C705-429C-80F3-99B6106947E2}
		{58FFF806-5FCB-442B-AC11-777D8BE06662} = {CC7368D3-C705-429C-80F3-99B6106947E2}
		{907B10C6-4F7C-46D9-BDF2-82A3DDDFCACD} = {CC7368D3-C705-429C-80F3-99B6106947E2}
		{2D54CA71-A7A6-4F5C-B581-6E134E161CA2} = {CC7368D3-C705-429C-80F3-99B6106947E2}
		{33AA4EAD-6545-475E-97D3-9527AF7DC4B4} = {CC7368D3-C705-429C-80F3-99B6106947E2}
		{CC72713B-A0C0-4F67-BF85-2A0C8854BCB1} = {43ED4F6E-0201-4980-98E7-0063DD1EEB04}
		{372150A3-6A46-44B0-9ABC-FA46C8CDE29E} = {CC72713B-A0C0-4F67-BF85-2A0C8854BCB1}
		{0D41E011-E0F8-4825-BE60-2EC706695BBC} = {2973AAE8-4D87-4EE4-AA12-8376B4BA9366}
	EndGlobalSection
	GlobalSection(ExtensibilityGlobals) = postSolution
		SolutionGuid = {9C0D2BEB-583A-404A-B369-61F1F8FEAE07}
	EndGlobalSection
EndGlobal
